{
    "version": 3,
    "terraform_version": "0.11.11",
    "serial": 3,
    "lineage": "e381135a-f5bb-de36-8a25-e729fc4b9880",
    "modules": [
        {
            "path": [
                "root"
            ],
            "outputs": {},
            "resources": {
                "azurerm_network_interface.main": {
                    "type": "azurerm_network_interface",
                    "depends_on": [
                        "azurerm_resource_group.main",
                        "data.azurerm_subnet.main"
                    ],
                    "primary": {
                        "id": "/subscriptions/8287bf47-261a-49f1-974d-75f52c339161/resourceGroups/build-containers-resources/providers/Microsoft.Network/networkInterfaces/build-containers-nic",
                        "attributes": {
                            "applied_dns_servers.#": "0",
                            "dns_servers.#": "0",
                            "enable_accelerated_networking": "false",
                            "enable_ip_forwarding": "false",
                            "id": "/subscriptions/8287bf47-261a-49f1-974d-75f52c339161/resourceGroups/build-containers-resources/providers/Microsoft.Network/networkInterfaces/build-containers-nic",
                            "internal_dns_name_label": "",
                            "internal_fqdn": "",
                            "ip_configuration.#": "1",
                            "ip_configuration.0.application_gateway_backend_address_pools_ids.#": "0",
                            "ip_configuration.0.application_security_group_ids.#": "0",
                            "ip_configuration.0.load_balancer_backend_address_pools_ids.#": "0",
                            "ip_configuration.0.load_balancer_inbound_nat_rules_ids.#": "0",
                            "ip_configuration.0.name": "testconfiguration1",
                            "ip_configuration.0.primary": "true",
                            "ip_configuration.0.private_ip_address": "",
                            "ip_configuration.0.private_ip_address_allocation": "dynamic",
                            "ip_configuration.0.private_ip_address_version": "IPv4",
                            "ip_configuration.0.public_ip_address_id": "",
                            "ip_configuration.0.subnet_id": "/subscriptions/8287bf47-261a-49f1-974d-75f52c339161/resourceGroups/mna-use2-nonprod-rg/providers/Microsoft.Network/virtualNetworks/mna-use2-nonProd-vnet-dev-001/subnets/mna-use2-nonProd-dev-app",
                            "location": "eastus2",
                            "mac_address": "",
                            "name": "build-containers-nic",
                            "network_security_group_id": "",
                            "private_ip_address": "10.73.36.10",
                            "private_ip_addresses.#": "1",
                            "private_ip_addresses.0": "10.73.36.10",
                            "resource_group_name": "build-containers-resources",
                            "tags.%": "1",
                            "tags.ProjectCode": "50104"
                        },
                        "meta": {},
                        "tainted": false
                    },
                    "deposed": [],
                    "provider": "provider.azurerm"
                },
                "azurerm_resource_group.main": {
                    "type": "azurerm_resource_group",
                    "depends_on": [],
                    "primary": {
                        "id": "/subscriptions/8287bf47-261a-49f1-974d-75f52c339161/resourceGroups/build-containers-resources",
                        "attributes": {
                            "id": "/subscriptions/8287bf47-261a-49f1-974d-75f52c339161/resourceGroups/build-containers-resources",
                            "location": "eastus2",
                            "name": "build-containers-resources",
                            "tags.%": "1",
                            "tags.ProjectCode": "50104"
                        },
                        "meta": {},
                        "tainted": false
                    },
                    "deposed": [],
                    "provider": "provider.azurerm"
                },
                "azurerm_virtual_machine.main": {
                    "type": "azurerm_virtual_machine",
                    "depends_on": [
                        "azurerm_network_interface.main",
                        "azurerm_resource_group.main"
                    ],
                    "primary": {
                        "id": "/subscriptions/8287bf47-261a-49f1-974d-75f52c339161/resourceGroups/build-containers-resources/providers/Microsoft.Compute/virtualMachines/build-containers-vm",
                        "attributes": {
                            "delete_data_disks_on_termination": "false",
                            "delete_os_disk_on_termination": "false",
                            "id": "/subscriptions/8287bf47-261a-49f1-974d-75f52c339161/resourceGroups/build-containers-resources/providers/Microsoft.Compute/virtualMachines/build-containers-vm",
                            "location": "eastus2",
                            "name": "build-containers-vm",
                            "network_interface_ids.#": "1",
                            "network_interface_ids.0": "/subscriptions/8287bf47-261a-49f1-974d-75f52c339161/resourceGroups/build-containers-resources/providers/Microsoft.Network/networkInterfaces/build-containers-nic",
                            "os_profile.#": "1",
                            "os_profile.1173764063.admin_password": "Password1234!",
                            "os_profile.1173764063.admin_username": "testadmin",
                            "os_profile.1173764063.computer_name": "hostname",
                            "os_profile.1173764063.custom_data": "",
                            "os_profile_linux_config.#": "1",
                            "os_profile_linux_config.2972667452.disable_password_authentication": "false",
                            "os_profile_linux_config.2972667452.ssh_keys.#": "0",
                            "resource_group_name": "build-containers-resources",
                            "storage_image_reference.#": "1",
                            "storage_image_reference.1458860473.id": "",
                            "storage_image_reference.1458860473.offer": "UbuntuServer",
                            "storage_image_reference.1458860473.publisher": "Canonical",
                            "storage_image_reference.1458860473.sku": "16.04-LTS",
                            "storage_image_reference.1458860473.version": "latest",
                            "storage_os_disk.#": "1",
                            "storage_os_disk.0.caching": "ReadWrite",
                            "storage_os_disk.0.create_option": "FromImage",
                            "storage_os_disk.0.disk_size_gb": "0",
                            "storage_os_disk.0.image_uri": "",
                            "storage_os_disk.0.managed_disk_id": "",
                            "storage_os_disk.0.managed_disk_type": "Standard_LRS",
                            "storage_os_disk.0.name": "myosdisk1",
                            "storage_os_disk.0.os_type": "",
                            "storage_os_disk.0.vhd_uri": "",
                            "storage_os_disk.0.write_accelerator_enabled": "false",
                            "tags.%": "1",
                            "tags.ProjectCode": "50104",
                            "vm_size": "Standard_DS1_v2"
                        },
                        "meta": {},
                        "tainted": false
                    },
                    "deposed": [],
                    "provider": "provider.azurerm"
                },
                "data.azurerm_subnet.main": {
                    "type": "azurerm_subnet",
                    "depends_on": [],
                    "primary": {
                        "id": "/subscriptions/8287bf47-261a-49f1-974d-75f52c339161/resourceGroups/mna-use2-nonprod-rg/providers/Microsoft.Network/virtualNetworks/mna-use2-nonProd-vnet-dev-001/subnets/mna-use2-nonProd-dev-app",
                        "attributes": {
                            "address_prefix": "10.73.36.0/23",
                            "id": "/subscriptions/8287bf47-261a-49f1-974d-75f52c339161/resourceGroups/mna-use2-nonprod-rg/providers/Microsoft.Network/virtualNetworks/mna-use2-nonProd-vnet-dev-001/subnets/mna-use2-nonProd-dev-app",
                            "ip_configurations.#": "8",
                            "ip_configurations.185182097": "/subscriptions/8287bf47-261a-49f1-974d-75f52c339161/resourceGroups/devops-test-rg/providers/Microsoft.Network/networkInterfaces/scott-nic-int-01/ipConfigurations/scott-ip-config",
                            "ip_configurations.2311852973": "/subscriptions/8287bf47-261a-49f1-974d-75f52c339161/resourceGroups/mna-patch-testing/providers/Microsoft.Network/networkInterfaces/AZ-PATCHTEST001-nic1/ipConfigurations/ipconfig2",
                            "ip_configurations.2329359163": "/subscriptions/8287bf47-261a-49f1-974d-75f52c339161/resourceGroups/devops-test-rg2/providers/Microsoft.Network/networkInterfaces/scott-nic-int-01/ipConfigurations/scott-ip-config",
                            "ip_configurations.2525725981": "/subscriptions/8287bf47-261a-49f1-974d-75f52c339161/resourceGroups/mna-use2-rg-devops-workstations/providers/Microsoft.Network/networkInterfaces/vm1-nic-int-01/ipConfigurations/vm1-ip-config",
                            "ip_configurations.281362967": "/subscriptions/8287bf47-261a-49f1-974d-75f52c339161/resourceGroups/mna-patch-testing/providers/Microsoft.Network/networkInterfaces/AZ-PATCHTEST001-nic1/ipConfigurations/ipconfig1",
                            "ip_configurations.303777072": "/subscriptions/8287bf47-261a-49f1-974d-75f52c339161/resourceGroups/mna-patch-testing/providers/Microsoft.Network/networkInterfaces/AZ-PATCHTEST001-nic2/ipConfigurations/ipconfig1",
                            "ip_configurations.3328047121": "/subscriptions/8287bf47-261a-49f1-974d-75f52c339161/resourceGroups/mna-use2-rg-devops-workstations/providers/Microsoft.Network/networkInterfaces/vm2-nic-int-01/ipConfigurations/vm2-ip-config",
                            "ip_configurations.568765886": "/subscriptions/8287bf47-261a-49f1-974d-75f52c339161/resourceGroups/devops-test-rg2/providers/Microsoft.Network/networkInterfaces/scott2-nic-int-01/ipConfigurations/scott2-ip-config",
                            "name": "mna-use2-nonProd-dev-app",
                            "network_security_group_id": "",
                            "resource_group_name": "mna-use2-nonprod-rg",
                            "route_table_id": "/subscriptions/8287bf47-261a-49f1-974d-75f52c339161/resourceGroups/mna-use2-nonprod-rg/providers/Microsoft.Network/routeTables/mna-use2-nonProd-routes",
                            "service_endpoints.#": "0",
                            "virtual_network_name": "mna-use2-nonProd-vnet-dev-001"
                        },
                        "meta": {},
                        "tainted": false
                    },
                    "deposed": [],
                    "provider": "provider.azurerm"
                }
            },
            "depends_on": []
        }
    ]
}
